{
  "requires": true,
  "lockfileVersion": 1,
  "dependencies": {
    "mini-antui": {
      "version": "0.4.34",
      "resolved": "https://registry.npmjs.org/mini-antui/-/mini-antui-0.4.34.tgz",
      "integrity": "sha512-ZiJJwUa8kso2OQqBtJsRhliueXa7L8a++sAAZeNCnJ8nQ+eWfONV/8uV3IDdMEJEZKVZZTYsrFZcXRIwRXLomQ=="
    }
  }
}
